
Microsoft Visual Studio Solution File, Format Version 12.00
# Visual Studio 14
VisualStudioVersion = 14.0.25123.0
MinimumVisualStudioVersion = 10.0.40219.1
Project("{55542A52-B557-46C0-AB78-9BF4BC2C5A3B}") = "Sitecore.Support.91260", "Sitecore.Support.91260\Sitecore.Support.91260.csproj", "{D7EB5F1D-7F7F-451C-B30B-BE6A888BA9BB}"
EndProject
Global
	GlobalSection(SolutionConfigurationPlatforms) = preSolution
		Debug|Any CPU = Debug|Any CPU
		Release|Any CPU = Release|Any CPU
	EndGlobalSection
	GlobalSection(ProjectConfigurationPlatforms) = postSolution
		{D7EB5F1D-7F7F-451C-B30B-BE6A888BA9BB}.Debug|Any CPU.ActiveCfg = Debug|Any CPU
		{D7EB5F1D-7F7F-451C-B30B-BE6A888BA9BB}.Debug|Any CPU.Build.0 = Debug|Any CPU
		{D7EB5F1D-7F7F-451C-B30B-BE6A888BA9BB}.Release|Any CPU.ActiveCfg = Release|Any CPU
		{D7EB5F1D-7F7F-451C-B30B-BE6A888BA9BB}.Release|Any CPU.Build.0 = Release|Any CPU
	EndGlobalSection
	GlobalSection(SolutionProperties) = preSolution
		HideSolutionNode = FALSE
	EndGlobalSection
EndGlobal
